// !$*UTF8*$!
{
	archiveVersion = 1;
	classes = {
	};
	objectVersion = 46;
	objects = {

		88B39B102B1BC374127FEA87 = {isa = PBXBuildFile; fileRef = 2A3D28D3311BA21CB9598BB0; };
		C39B9C1C07BB96DA08F1EA0E = {isa = PBXBuildFile; fileRef = 00585A0DAD12042A7EE02380; };
		50405B641CC947298CF69ED9 = {isa = PBXBuildFile; fileRef = 82A424605C5E634D28EA241F; };
		758F195AA02DD747A7E67332 = {isa = PBXBuildFile; fileRef = 72C1F0D0C4EB9A9ED37F649A; };
		0E37FB9D9315D183B285C3D1 = {isa = PBXBuildFile; fileRef = 8CE50AC04FD26B6B8209CE9E; };
		A2E17F7AED34284F3D77EBF8 = {isa = PBXBuildFile; fileRef = 1A2AA880F242403F9E1D286D; };
		0799E9E1C0D9A0D093FA1D1F = {isa = PBXBuildFile; fileRef = 3D568CC740FA64B873156739; };
		C009BF5D96D6C73263E8D72D = {isa = PBXBuildFile; fileRef = B8A411BDDEF131804A9C8D60; };
		F92BE2CAF63966D02A1E8CDA = {isa = PBXBuildFile; fileRef = CAE3E0CB50509C81EAC6A05D; };
		A27FF49E29AEB23055141A2F = {isa = PBXBuildFile; fileRef = C300FC56AD5D653D21389072; };
		32010219DAA6EDD44A245AA2 = {isa = PBXBuildFile; fileRef = 0287D8521D8690725692B2A7; };
		C6915F1123FFD7ECD8682F04 = {isa = PBXBuildFile; fileRef = 95039BF8F83A1133D99388BE; };
		9BD13CEAB4BF2A219AD6A9E5 = {isa = PBXBuildFile; fileRef = E2213BE4C7F38591113BF135; };
		9B09BA67C1E8D7D90BDBEA45 = {isa = PBXBuildFile; fileRef = 2FD5B0997B959442ABF6AA0C; };
		7D52CF359396DD2C35CA77E5 = {isa = PBXBuildFile; fileRef = 8D2C2FBAA0099AABA7A0038B; };
		D37D5816365A459DE32EB746 = {isa = PBXBuildFile; fileRef = 710A3E04289B5A11BF0BCF04; };
		E81B5AA71480E3F1EF8C48F1 = {isa = PBXBuildFile; fileRef = 99B320E0C77B8AF8A8BB4D91; };
		B70C8555CF4A5B35129A11C8 = {isa = PBXBuildFile; fileRef = E1C4BFE89F5D3D3A6128F9C9; };
		8958C0D41DACCEAC81F29FD9 = {isa = PBXBuildFile; fileRef = 8500C3A170A272C66FC437CB; };
		FDD445577B476AD84E40A34B = {isa = PBXBuildFile; fileRef = D11B970C3309DB59D068CFC6; };
		5F6F238386E4F4B8CDA61910 = {isa = PBXBuildFile; fileRef = 9606A2EAD17B8C2CE4D5C3E5; };
		A3CFA0B2E23021FD4423D6C8 = {isa = PBXBuildFile; fileRef = 19D3DB363D718720C002F242; };
		29C342A4928B5D7320EDD046 = {isa = PBXBuildFile; fileRef = 35E4020B873F01F1FC17ED40; };
		249E767A56E75A5F6B7F6ED6 = {isa = PBXBuildFile; fileRef = 9471E592E29543E80B3FF8C5; };
		3ECD0F80856995DA336E84EC = {isa = PBXBuildFile; fileRef = 175C551CC5108A4EA1BFCE7F; };
		2E43EAEF9C6C0E86ECF07225 = {isa = PBXBuildFile; fileRef = 158AC0C36C30D3E78906BE4E; };
		CE85C9BBBE4EB3A7B6BE6DAB = {isa = PBXBuildFile; fileRef = C7316545C37AEEA8A94E6B55; };
		11057CA52857CD3F49A23E51 = {isa = PBXBuildFile; fileRef = 01150D04F99276862B6B0F0B; };
		2B62FE869847E8F411B71896 = {isa = PBXBuildFile; fileRef = 47591623B394EA3857422BED; };
		13272466AA895C5703A5FC4D = {isa = PBXBuildFile; fileRef = 37E0423CBA268FAB2EAB2BC1; };
		BD3049706B103B12E472E5CA = {isa = PBXBuildFile; fileRef = 9023EC9E8B194B62FF435ECE; };
		99335E0D8C88B6FDE53F7BED = {isa = PBXBuildFile; fileRef = 8473CBC6A089CB26C100EBE7; };
		3560F44115A3F3F581B1C3EC = {isa = PBXBuildFile; fileRef = 739ACF979A3CE8624F5CD0ED; };
		39ABD4F0A0243E71BD46627E = {isa = PBXBuildFile; fileRef = 267014A7BA758CA422DAE416; };
		00585A0DAD12042A7EE02380 = {isa = PBXFileReference; lastKnownFileType = wrapper.framework; name = Accelerate.framework; path = System/Library/Frameworks/Accelerate.framework; sourceTree = SDKROOT; };
		01150D04F99276862B6B0F0B = {isa = PBXFileReference; lastKnownFileType = sourcecode.cpp.objcpp; name = "include_juce_data_structures.mm"; path = "../../JuceLibraryCode/include_juce_data_structures.mm"; sourceTree = "SOURCE_ROOT"; };
		0287D8521D8690725692B2A7 = {isa = PBXFileReference; lastKnownFileType = wrapper.framework; name = DiscRecording.framework; path = System/Library/Frameworks/DiscRecording.framework; sourceTree = SDKROOT; };
		07B5CA0C3672CA848A770757 = {isa = PBXFileReference; lastKnownFileType = sourcecode.c.h; name = AppConfig.h; path = ../../JuceLibraryCode/AppConfig.h; sourceTree = "SOURCE_ROOT"; };
		158AC0C36C30D3E78906BE4E = {isa = PBXFileReference; lastKnownFileType = sourcecode.cpp.objcpp; name = "include_juce_core.mm"; path = "../../JuceLibraryCode/include_juce_core.mm"; sourceTree = "SOURCE_ROOT"; };
		1650383217A4D51778BCC4DD = {isa = PBXFileReference; lastKnownFileType = sourcecode.c.h; name = MidiRecorderPanel.h; path = ../../Source/MidiRecorderPanel.h; sourceTree = "SOURCE_ROOT"; };
		175C551CC5108A4EA1BFCE7F = {isa = PBXFileReference; lastKnownFileType = sourcecode.cpp.objcpp; name = "include_juce_audio_utils.mm"; path = "../../JuceLibraryCode/include_juce_audio_utils.mm"; sourceTree = "SOURCE_ROOT"; };
		19D3DB363D718720C002F242 = {isa = PBXFileReference; lastKnownFileType = sourcecode.cpp.objcpp; name = "include_juce_audio_devices.mm"; path = "../../JuceLibraryCode/include_juce_audio_devices.mm"; sourceTree = "SOURCE_ROOT"; };
		1A2AA880F242403F9E1D286D = {isa = PBXFileReference; lastKnownFileType = wrapper.framework; name = Carbon.framework; path = System/Library/Frameworks/Carbon.framework; sourceTree = SDKROOT; };
		1A2D0BE9F2BAE33D6334C126 = {isa = PBXFileReference; lastKnownFileType = file; name = "juce_cryptography"; path = "../../../JUCE/modules/juce_cryptography"; sourceTree = "SOURCE_ROOT"; };
		1D3FD111A230777253E5A407 = {isa = PBXFileReference; lastKnownFileType = file; name = "juce_graphics"; path = "../../../JUCE/modules/juce_graphics"; sourceTree = "SOURCE_ROOT"; };
		22006292481237AE6356A085 = {isa = PBXFileReference; lastKnownFileType = file; name = "juce_video"; path = "../../../JUCE/modules/juce_video"; sourceTree = "SOURCE_ROOT"; };
		254190F35876E0AEA150DE11 = {isa = PBXFileReference; lastKnownFileType = sourcecode.c.h; name = Logger.h; path = ../../Source/Logger.h; sourceTree = "SOURCE_ROOT"; };
		267014A7BA758CA422DAE416 = {isa = PBXFileReference; lastKnownFileType = sourcecode.cpp.objcpp; name = "include_juce_video.mm"; path = "../../JuceLibraryCode/include_juce_video.mm"; sourceTree = "SOURCE_ROOT"; };
		29A443102DA64FE7E0998461 = {isa = PBXFileReference; lastKnownFileType = file; name = "juce_audio_formats"; path = "../../../JUCE/modules/juce_audio_formats"; sourceTree = "SOURCE_ROOT"; };
		2A3D28D3311BA21CB9598BB0 = {isa = PBXFileReference; explicitFileType = wrapper.application; includeInIndex = 0; path = MidiRecorder.app; sourceTree = "BUILT_PRODUCTS_DIR"; };
		2FD5B0997B959442ABF6AA0C = {isa = PBXFileReference; lastKnownFileType = wrapper.framework; name = QuartzCore.framework; path = System/Library/Frameworks/QuartzCore.framework; sourceTree = SDKROOT; };
		355690598DAAF6E30313103E = {isa = PBXFileReference; lastKnownFileType = sourcecode.c.h; name = JuceHeader.h; path = ../../JuceLibraryCode/JuceHeader.h; sourceTree = "SOURCE_ROOT"; };
		35E4020B873F01F1FC17ED40 = {isa = PBXFileReference; lastKnownFileType = sourcecode.cpp.objcpp; name = "include_juce_audio_formats.mm"; path = "../../JuceLibraryCode/include_juce_audio_formats.mm"; sourceTree = "SOURCE_ROOT"; };
		37E0423CBA268FAB2EAB2BC1 = {isa = PBXFileReference; lastKnownFileType = sourcecode.cpp.objcpp; name = "include_juce_graphics.mm"; path = "../../JuceLibraryCode/include_juce_graphics.mm"; sourceTree = "SOURCE_ROOT"; };
		3D568CC740FA64B873156739 = {isa = PBXFileReference; lastKnownFileType = wrapper.framework; name = Cocoa.framework; path = System/Library/Frameworks/Cocoa.framework; sourceTree = SDKROOT; };
		47591623B394EA3857422BED = {isa = PBXFileReference; lastKnownFileType = sourcecode.cpp.objcpp; name = "include_juce_events.mm"; path = "../../JuceLibraryCode/include_juce_events.mm"; sourceTree = "SOURCE_ROOT"; };
		48BE1EA62F6823835E63ECC5 = {isa = PBXFileReference; lastKnownFileType = sourcecode.c.h; name = MidiRecorder.h; path = ../../Source/MidiRecorder.h; sourceTree = "SOURCE_ROOT"; };
		50834955DCA2851240487A1D = {isa = PBXFileReference; lastKnownFileType = file; name = "juce_core"; path = "../../../JUCE/modules/juce_core"; sourceTree = "SOURCE_ROOT"; };
		5955156850117209639FBF2F = {isa = PBXFileReference; lastKnownFileType = file; name = "juce_gui_extra"; path = "../../../JUCE/modules/juce_gui_extra"; sourceTree = "SOURCE_ROOT"; };
		662803045D6286227ECE11D1 = {isa = PBXFileReference; lastKnownFileType = file; name = "juce_opengl"; path = "../../../JUCE/modules/juce_opengl"; sourceTree = "SOURCE_ROOT"; };
		6CA97E1B8E51152418C23CF5 = {isa = PBXFileReference; lastKnownFileType = file; name = "juce_audio_basics"; path = "../../../JUCE/modules/juce_audio_basics"; sourceTree = "SOURCE_ROOT"; };
		710A3E04289B5A11BF0BCF04 = {isa = PBXFileReference; lastKnownFileType = file.nib; name = RecentFilesMenuTemplate.nib; path = RecentFilesMenuTemplate.nib; sourceTree = "SOURCE_ROOT"; };
		72C1F0D0C4EB9A9ED37F649A = {isa = PBXFileReference; lastKnownFileType = wrapper.framework; name = AVFoundation.framework; path = System/Library/Frameworks/AVFoundation.framework; sourceTree = SDKROOT; };
		739ACF979A3CE8624F5CD0ED = {isa = PBXFileReference; lastKnownFileType = sourcecode.cpp.objcpp; name = "include_juce_opengl.mm"; path = "../../JuceLibraryCode/include_juce_opengl.mm"; sourceTree = "SOURCE_ROOT"; };
		7636EABD9A308F7D975E956F = {isa = PBXFileReference; lastKnownFileType = text.plist.xml; name = "Info-App.plist"; path = "Info-App.plist"; sourceTree = "SOURCE_ROOT"; };
		78B047BF8A5FDD2B586BD3CB = {isa = PBXFileReference; lastKnownFileType = file; name = "juce_gui_basics"; path = "../../../JUCE/modules/juce_gui_basics"; sourceTree = "SOURCE_ROOT"; };
		7A3792A3D62C09E093B5D2DA = {isa = PBXFileReference; lastKnownFileType = sourcecode.c.h; name = MainComponent.h; path = ../../Source/MainComponent.h; sourceTree = "SOURCE_ROOT"; };
		82A424605C5E634D28EA241F = {isa = PBXFileReference; lastKnownFileType = wrapper.framework; name = AudioToolbox.framework; path = System/Library/Frameworks/AudioToolbox.framework; sourceTree = SDKROOT; };
		8473CBC6A089CB26C100EBE7 = {isa = PBXFileReference; lastKnownFileType = sourcecode.cpp.objcpp; name = "include_juce_gui_extra.mm"; path = "../../JuceLibraryCode/include_juce_gui_extra.mm"; sourceTree = "SOURCE_ROOT"; };
		8500C3A170A272C66FC437CB = {isa = PBXFileReference; lastKnownFileType = sourcecode.cpp.cpp; name = MainComponent.cpp; path = ../../Source/MainComponent.cpp; sourceTree = "SOURCE_ROOT"; };
		8A3EFD27026C37082AA926DB = {isa = PBXFileReference; lastKnownFileType = sourcecode.c.h; name = RecordListener.h; path = ../../Source/RecordListener.h; sourceTree = "SOURCE_ROOT"; };
		8CE50AC04FD26B6B8209CE9E = {isa = PBXFileReference; lastKnownFileType = wrapper.framework; name = AVKit.framework; path = System/Library/Frameworks/AVKit.framework; sourceTree = SDKROOT; };
		8D2C2FBAA0099AABA7A0038B = {isa = PBXFileReference; lastKnownFileType = wrapper.framework; name = WebKit.framework; path = System/Library/Frameworks/WebKit.framework; sourceTree = SDKROOT; };
		9023EC9E8B194B62FF435ECE = {isa = PBXFileReference; lastKnownFileType = sourcecode.cpp.objcpp; name = "include_juce_gui_basics.mm"; path = "../../JuceLibraryCode/include_juce_gui_basics.mm"; sourceTree = "SOURCE_ROOT"; };
		92BEB61C95C5EAAD7D46D65E = {isa = PBXFileReference; lastKnownFileType = file; name = "juce_audio_processors"; path = "../../../JUCE/modules/juce_audio_processors"; sourceTree = "SOURCE_ROOT"; };
		9471E592E29543E80B3FF8C5 = {isa = PBXFileReference; lastKnownFileType = sourcecode.cpp.objcpp; name = "include_juce_audio_processors.mm"; path = "../../JuceLibraryCode/include_juce_audio_processors.mm"; sourceTree = "SOURCE_ROOT"; };
		95039BF8F83A1133D99388BE = {isa = PBXFileReference; lastKnownFileType = wrapper.framework; name = IOKit.framework; path = System/Library/Frameworks/IOKit.framework; sourceTree = SDKROOT; };
		9606A2EAD17B8C2CE4D5C3E5 = {isa = PBXFileReference; lastKnownFileType = sourcecode.cpp.objcpp; name = "include_juce_audio_basics.mm"; path = "../../JuceLibraryCode/include_juce_audio_basics.mm"; sourceTree = "SOURCE_ROOT"; };
		99B320E0C77B8AF8A8BB4D91 = {isa = PBXFileReference; lastKnownFileType = sourcecode.cpp.cpp; name = MidiRecorder.cpp; path = ../../Source/MidiRecorder.cpp; sourceTree = "SOURCE_ROOT"; };
		B8A411BDDEF131804A9C8D60 = {isa = PBXFileReference; lastKnownFileType = wrapper.framework; name = CoreAudio.framework; path = System/Library/Frameworks/CoreAudio.framework; sourceTree = SDKROOT; };
		C300FC56AD5D653D21389072 = {isa = PBXFileReference; lastKnownFileType = wrapper.framework; name = CoreMIDI.framework; path = System/Library/Frameworks/CoreMIDI.framework; sourceTree = SDKROOT; };
		C34BA102AF9D4A14DAAA9404 = {isa = PBXFileReference; lastKnownFileType = file; name = "juce_audio_utils"; path = "../../../JUCE/modules/juce_audio_utils"; sourceTree = "SOURCE_ROOT"; };
		C7316545C37AEEA8A94E6B55 = {isa = PBXFileReference; lastKnownFileType = sourcecode.cpp.objcpp; name = "include_juce_cryptography.mm"; path = "../../JuceLibraryCode/include_juce_cryptography.mm"; sourceTree = "SOURCE_ROOT"; };
		CAE3E0CB50509C81EAC6A05D = {isa = PBXFileReference; lastKnownFileType = wrapper.framework; name = CoreMedia.framework; path = System/Library/Frameworks/CoreMedia.framework; sourceTree = SDKROOT; };
		D11B970C3309DB59D068CFC6 = {isa = PBXFileReference; lastKnownFileType = sourcecode.cpp.cpp; name = Main.cpp; path = ../../Source/Main.cpp; sourceTree = "SOURCE_ROOT"; };
		E1C210589C2FF2939B2A59DE = {isa = PBXFileReference; lastKnownFileType = file; name = "juce_events"; path = "../../../JUCE/modules/juce_events"; sourceTree = "SOURCE_ROOT"; };
		E1C4BFE89F5D3D3A6128F9C9 = {isa = PBXFileReference; lastKnownFileType = sourcecode.cpp.cpp; name = MidiRecorderPanel.cpp; path = ../../Source/MidiRecorderPanel.cpp; sourceTree = "SOURCE_ROOT"; };
		E2213BE4C7F38591113BF135 = {isa = PBXFileReference; lastKnownFileType = wrapper.framework; name = OpenGL.framework; path = System/Library/Frameworks/OpenGL.framework; sourceTree = SDKROOT; };
		F905E60BBF0D71CE8877D641 = {isa = PBXFileReference; lastKnownFileType = file; name = "juce_audio_devices"; path = "../../../JUCE/modules/juce_audio_devices"; sourceTree = "SOURCE_ROOT"; };
		F9F6DD8A758D67A25F65173D = {isa = PBXFileReference; lastKnownFileType = file; name = "juce_data_structures"; path = "../../../JUCE/modules/juce_data_structures"; sourceTree = "SOURCE_ROOT"; };
		0166AED96039D71E84303D62 = {isa = PBXGroup; children = (
					8A3EFD27026C37082AA926DB,
					254190F35876E0AEA150DE11,
					99B320E0C77B8AF8A8BB4D91,
					48BE1EA62F6823835E63ECC5,
					E1C4BFE89F5D3D3A6128F9C9,
					1650383217A4D51778BCC4DD,
					7A3792A3D62C09E093B5D2DA,
					8500C3A170A272C66FC437CB,
					D11B970C3309DB59D068CFC6, ); name = Source; sourceTree = "<group>"; };
		0D0F0D8E18479A87D5111133 = {isa = PBXGroup; children = (
					0166AED96039D71E84303D62, ); name = MidiRecorder; sourceTree = "<group>"; };
		C97464986002DE1B9E343564 = {isa = PBXGroup; children = (
					6CA97E1B8E51152418C23CF5,
					F905E60BBF0D71CE8877D641,
					29A443102DA64FE7E0998461,
					92BEB61C95C5EAAD7D46D65E,
					C34BA102AF9D4A14DAAA9404,
					50834955DCA2851240487A1D,
					1A2D0BE9F2BAE33D6334C126,
					F9F6DD8A758D67A25F65173D,
					E1C210589C2FF2939B2A59DE,
					1D3FD111A230777253E5A407,
					78B047BF8A5FDD2B586BD3CB,
					5955156850117209639FBF2F,
					662803045D6286227ECE11D1,
					22006292481237AE6356A085, ); name = "JUCE Modules"; sourceTree = "<group>"; };
		D3317BF8A9D4F140F5F9D743 = {isa = PBXGroup; children = (
					07B5CA0C3672CA848A770757,
					9606A2EAD17B8C2CE4D5C3E5,
					19D3DB363D718720C002F242,
					35E4020B873F01F1FC17ED40,
					9471E592E29543E80B3FF8C5,
					175C551CC5108A4EA1BFCE7F,
					158AC0C36C30D3E78906BE4E,
					C7316545C37AEEA8A94E6B55,
					01150D04F99276862B6B0F0B,
					47591623B394EA3857422BED,
					37E0423CBA268FAB2EAB2BC1,
					9023EC9E8B194B62FF435ECE,
					8473CBC6A089CB26C100EBE7,
					739ACF979A3CE8624F5CD0ED,
					267014A7BA758CA422DAE416,
					355690598DAAF6E30313103E, ); name = "JUCE Library Code"; sourceTree = "<group>"; };
		FA3375B0420C8C7C78B504B9 = {isa = PBXGroup; children = (
					7636EABD9A308F7D975E956F,
					710A3E04289B5A11BF0BCF04, ); name = Resources; sourceTree = "<group>"; };
		F76FC5B9CBD40729B3088927 = {isa = PBXGroup; children = (
					00585A0DAD12042A7EE02380,
					82A424605C5E634D28EA241F,
					72C1F0D0C4EB9A9ED37F649A,
					8CE50AC04FD26B6B8209CE9E,
					1A2AA880F242403F9E1D286D,
					3D568CC740FA64B873156739,
					B8A411BDDEF131804A9C8D60,
					CAE3E0CB50509C81EAC6A05D,
					C300FC56AD5D653D21389072,
					0287D8521D8690725692B2A7,
					95039BF8F83A1133D99388BE,
					E2213BE4C7F38591113BF135,
					2FD5B0997B959442ABF6AA0C,
					8D2C2FBAA0099AABA7A0038B, ); name = Frameworks; sourceTree = "<group>"; };
		F46C3CB99373C860B8A164FA = {isa = PBXGroup; children = (
					2A3D28D3311BA21CB9598BB0, ); name = Products; sourceTree = "<group>"; };
		08294149FCAA94DB124660DD = {isa = PBXGroup; children = (
					0D0F0D8E18479A87D5111133,
					C97464986002DE1B9E343564,
					D3317BF8A9D4F140F5F9D743,
					FA3375B0420C8C7C78B504B9,
					F76FC5B9CBD40729B3088927,
					F46C3CB99373C860B8A164FA, ); name = Source; sourceTree = "<group>"; };
		8E20D107626F622E5A9C1E0D = {isa = XCBuildConfiguration; buildSettings = {
				CLANG_CXX_LANGUAGE_STANDARD = "c++14";
				CLANG_LINK_OBJC_RUNTIME = NO;
				COMBINE_HIDPI_IMAGES = YES;
				CONFIGURATION_BUILD_DIR = "$(PROJECT_DIR)/build/$(CONFIGURATION)";
				COPY_PHASE_STRIP = NO;
				GCC_DYNAMIC_NO_PIC = NO;
				GCC_OPTIMIZATION_LEVEL = 0;
				GCC_PREPROCESSOR_DEFINITIONS = (
					"_DEBUG=1",
					"DEBUG=1",
					"JUCER_XCODE_MAC_F6D2F4CF=1",
					"JUCE_APP_VERSION=1.0.0",
					"JUCE_APP_VERSION_HEX=0x10000",
					"JucePlugin_Build_VST=0",
					"JucePlugin_Build_VST3=0",
					"JucePlugin_Build_AU=0",
					"JucePlugin_Build_AUv3=0",
					"JucePlugin_Build_RTAS=0",
					"JucePlugin_Build_AAX=0",
					"JucePlugin_Build_Standalone=0", );
				GCC_VERSION = com.apple.compilers.llvm.clang.1_0;
				HEADER_SEARCH_PATHS = ("../../JuceLibraryCode", "../../../JUCE/modules", "$(inherited)");
				INFOPLIST_FILE = Info-App.plist;
				INFOPLIST_PREPROCESS = NO;
				INSTALL_PATH = "$(HOME)/Applications";
				MACOSX_DEPLOYMENT_TARGET = 10.11;
				MACOSX_DEPLOYMENT_TARGET_ppc = 10.4;
				PRODUCT_BUNDLE_IDENTIFIER = com.yourcompany.MidiRecorder;
				SDKROOT_ppc = macosx10.5;
				USE_HEADERMAP = NO; }; name = Debug; };
		DFE68DBC605335FE4D870A8D = {isa = XCBuildConfiguration; buildSettings = {
				CLANG_CXX_LANGUAGE_STANDARD = "c++14";
				CLANG_LINK_OBJC_RUNTIME = NO;
				COMBINE_HIDPI_IMAGES = YES;
				CONFIGURATION_BUILD_DIR = "$(PROJECT_DIR)/build/$(CONFIGURATION)";
				DEAD_CODE_STRIPPING = YES;
				GCC_GENERATE_DEBUGGING_SYMBOLS = NO;
				GCC_OPTIMIZATION_LEVEL = 3;
				GCC_PREPROCESSOR_DEFINITIONS = (
					"_NDEBUG=1",
					"NDEBUG=1",
					"JUCER_XCODE_MAC_F6D2F4CF=1",
					"JUCE_APP_VERSION=1.0.0",
					"JUCE_APP_VERSION_HEX=0x10000",
					"JucePlugin_Build_VST=0",
					"JucePlugin_Build_VST3=0",
					"JucePlugin_Build_AU=0",
					"JucePlugin_Build_AUv3=0",
					"JucePlugin_Build_RTAS=0",
					"JucePlugin_Build_AAX=0",
					"JucePlugin_Build_Standalone=0", );
				GCC_SYMBOLS_PRIVATE_EXTERN = YES;
				GCC_VERSION = com.apple.compilers.llvm.clang.1_0;
				HEADER_SEARCH_PATHS = ("../../JuceLibraryCode", "../../../JUCE/modules", "$(inherited)");
				INFOPLIST_FILE = Info-App.plist;
				INFOPLIST_PREPROCESS = NO;
				INSTALL_PATH = "$(HOME)/Applications";
				LLVM_LTO = YES;
				MACOSX_DEPLOYMENT_TARGET = 10.11;
				MACOSX_DEPLOYMENT_TARGET_ppc = 10.4;
				PRODUCT_BUNDLE_IDENTIFIER = com.yourcompany.MidiRecorder;
				SDKROOT_ppc = macosx10.5;
				USE_HEADERMAP = NO; }; name = Release; };
		B4C59607F1B5EFC80623FC69 = {isa = XCBuildConfiguration; buildSettings = {
				ALWAYS_SEARCH_USER_PATHS = NO;
				CLANG_WARN_BLOCK_CAPTURE_AUTORELEASING = YES;
				CLANG_WARN_BOOL_CONVERSION = YES;
				CLANG_WARN_COMMA = YES;
				CLANG_WARN_CONSTANT_CONVERSION = YES;
				CLANG_WARN_EMPTY_BODY = YES;
				CLANG_WARN_ENUM_CONVERSION = YES;
				CLANG_WARN_INFINITE_RECURSION = YES;
				CLANG_WARN_INT_CONVERSION = YES;
				CLANG_WARN_NON_LITERAL_NULL_CONVERSION = YES;
				CLANG_WARN_OBJC_LITERAL_CONVERSION = YES;
				CLANG_WARN_RANGE_LOOP_ANALYSIS = YES;
				CLANG_WARN_STRICT_PROTOTYPES = YES;
				CLANG_WARN_SUSPICIOUS_MOVE = YES;
				CLANG_WARN_UNREACHABLE_CODE = YES;
				CLANG_WARN__DUPLICATE_METHOD_MATCH = YES;
				DEBUG_INFORMATION_FORMAT = "dwarf";
				ENABLE_STRICT_OBJC_MSGSEND = YES;
				ENABLE_TESTABILITY = YES;
				GCC_C_LANGUAGE_STANDARD = c11;
				GCC_INLINES_ARE_PRIVATE_EXTERN = YES;
				GCC_MODEL_TUNING = G5;
				GCC_NO_COMMON_BLOCKS = YES;
				GCC_WARN_64_TO_32_BIT_CONVERSION = YES;
				GCC_WARN_ABOUT_RETURN_TYPE = YES;
				GCC_WARN_CHECK_SWITCH_STATEMENTS = YES;
				GCC_WARN_MISSING_PARENTHESES = YES;
				GCC_WARN_NON_VIRTUAL_DESTRUCTOR = YES;
				GCC_WARN_TYPECHECK_CALLS_TO_PRINTF = YES;
				GCC_WARN_UNDECLARED_SELECTOR = YES;
				GCC_WARN_UNINITIALIZED_AUTOS = YES;
				GCC_WARN_UNUSED_FUNCTION = YES;
				GCC_WARN_UNUSED_VARIABLE = YES;
				ONLY_ACTIVE_ARCH = YES;
				PRODUCT_NAME = "MidiRecorder";
				WARNING_CFLAGS = -Wreorder;
				ZERO_LINK = NO; }; name = Debug; };
		2958262B6FAB7C335BD643C5 = {isa = XCBuildConfiguration; buildSettings = {
				ALWAYS_SEARCH_USER_PATHS = NO;
				CLANG_WARN_BLOCK_CAPTURE_AUTORELEASING = YES;
				CLANG_WARN_BOOL_CONVERSION = YES;
				CLANG_WARN_COMMA = YES;
				CLANG_WARN_CONSTANT_CONVERSION = YES;
				CLANG_WARN_EMPTY_BODY = YES;
				CLANG_WARN_ENUM_CONVERSION = YES;
				CLANG_WARN_INFINITE_RECURSION = YES;
				CLANG_WARN_INT_CONVERSION = YES;
				CLANG_WARN_NON_LITERAL_NULL_CONVERSION = YES;
				CLANG_WARN_OBJC_LITERAL_CONVERSION = YES;
				CLANG_WARN_RANGE_LOOP_ANALYSIS = YES;
				CLANG_WARN_STRICT_PROTOTYPES = YES;
				CLANG_WARN_SUSPICIOUS_MOVE = YES;
				CLANG_WARN_UNREACHABLE_CODE = YES;
				CLANG_WARN__DUPLICATE_METHOD_MATCH = YES;
				DEBUG_INFORMATION_FORMAT = "dwarf";
				ENABLE_STRICT_OBJC_MSGSEND = YES;
				GCC_C_LANGUAGE_STANDARD = c11;
				GCC_INLINES_ARE_PRIVATE_EXTERN = YES;
				GCC_MODEL_TUNING = G5;
				GCC_NO_COMMON_BLOCKS = YES;
				GCC_WARN_64_TO_32_BIT_CONVERSION = YES;
				GCC_WARN_ABOUT_RETURN_TYPE = YES;
				GCC_WARN_CHECK_SWITCH_STATEMENTS = YES;
				GCC_WARN_MISSING_PARENTHESES = YES;
				GCC_WARN_NON_VIRTUAL_DESTRUCTOR = YES;
				GCC_WARN_TYPECHECK_CALLS_TO_PRINTF = YES;
				GCC_WARN_UNDECLARED_SELECTOR = YES;
				GCC_WARN_UNINITIALIZED_AUTOS = YES;
				GCC_WARN_UNUSED_FUNCTION = YES;
				GCC_WARN_UNUSED_VARIABLE = YES;
				PRODUCT_NAME = "MidiRecorder";
				WARNING_CFLAGS = -Wreorder;
				ZERO_LINK = NO; }; name = Release; };
		71E214C31B4C532051A5E1E8 = {isa = PBXTargetDependency; target = 5614164522E7E5FE8098FA75; };
		54A8F24EDCC0FD00204AEBBF = {isa = XCConfigurationList; buildConfigurations = (
					B4C59607F1B5EFC80623FC69,
					2958262B6FAB7C335BD643C5, ); defaultConfigurationIsVisible = 0; defaultConfigurationName = Debug; };
		6A8778ED5B1AD3255C219A72 = {isa = XCConfigurationList; buildConfigurations = (
					8E20D107626F622E5A9C1E0D,
					DFE68DBC605335FE4D870A8D, ); defaultConfigurationIsVisible = 0; defaultConfigurationName = Debug; };
		D449C0A1CFD4EF81D6CD14B1 = {isa = PBXResourcesBuildPhase; buildActionMask = 2147483647; files = (
					D37D5816365A459DE32EB746, ); runOnlyForDeploymentPostprocessing = 0; };
		2D85AC6B0A1D853FD7344D0A = {isa = PBXSourcesBuildPhase; buildActionMask = 2147483647; files = (
					E81B5AA71480E3F1EF8C48F1,
					B70C8555CF4A5B35129A11C8,
					8958C0D41DACCEAC81F29FD9,
					FDD445577B476AD84E40A34B,
					5F6F238386E4F4B8CDA61910,
					A3CFA0B2E23021FD4423D6C8,
					29C342A4928B5D7320EDD046,
					249E767A56E75A5F6B7F6ED6,
					3ECD0F80856995DA336E84EC,
					2E43EAEF9C6C0E86ECF07225,
					CE85C9BBBE4EB3A7B6BE6DAB,
					11057CA52857CD3F49A23E51,
					2B62FE869847E8F411B71896,
					13272466AA895C5703A5FC4D,
					BD3049706B103B12E472E5CA,
					99335E0D8C88B6FDE53F7BED,
					3560F44115A3F3F581B1C3EC,
					39ABD4F0A0243E71BD46627E, ); runOnlyForDeploymentPostprocessing = 0; };
		EEBDAB9870B2D2CCC729CE08 = {isa = PBXFrameworksBuildPhase; buildActionMask = 2147483647; files = (
					C39B9C1C07BB96DA08F1EA0E,
					50405B641CC947298CF69ED9,
					758F195AA02DD747A7E67332,
					0E37FB9D9315D183B285C3D1,
					A2E17F7AED34284F3D77EBF8,
					0799E9E1C0D9A0D093FA1D1F,
					C009BF5D96D6C73263E8D72D,
					F92BE2CAF63966D02A1E8CDA,
					A27FF49E29AEB23055141A2F,
					32010219DAA6EDD44A245AA2,
					C6915F1123FFD7ECD8682F04,
					9BD13CEAB4BF2A219AD6A9E5,
					9B09BA67C1E8D7D90BDBEA45,
					7D52CF359396DD2C35CA77E5, ); runOnlyForDeploymentPostprocessing = 0; };
		5614164522E7E5FE8098FA75 = {isa = PBXNativeTarget; buildConfigurationList = 6A8778ED5B1AD3255C219A72; buildPhases = (
					D449C0A1CFD4EF81D6CD14B1,
					2D85AC6B0A1D853FD7344D0A,
					EEBDAB9870B2D2CCC729CE08, ); buildRules = ( ); dependencies = (  ); name = "MidiRecorder - App"; productName = MidiRecorder; productReference = 2A3D28D3311BA21CB9598BB0; productType = "com.apple.product-type.application"; };
		52B587EF9166BD2D8FED8B8A = {isa = PBXProject; buildConfigurationList = 54A8F24EDCC0FD00204AEBBF; attributes = { LastUpgradeCheck = 0830; ORGANIZATIONNAME = ""; TargetAttributes = { 5614164522E7E5FE8098FA75 = { SystemCapabilities = {com.apple.ApplicationGroups.iOS = { enabled = 0; }; com.apple.InAppPurchase = { enabled = 0; }; com.apple.InterAppAudio = { enabled = 0; }; com.apple.Push = { enabled = 0; }; com.apple.Sandbox = { enabled = 0; }; }; }; }; }; compatibilityVersion = "Xcode 3.2"; hasScannedForEncodings = 0; mainGroup = 08294149FCAA94DB124660DD; projectDirPath = ""; projectRoot = ""; targets = (5614164522E7E5FE8098FA75); };
	};
	rootObject = 52B587EF9166BD2D8FED8B8A;
}
