// !$*UTF8*$!
{
	archiveVersion = 1;
	classes = {
	};
	objectVersion = 46;
	objects = {

		A09E81FF97DC999DD745E254 = {isa = PBXBuildFile; fileRef = FBCE83692A6700F390DD1823; };
		B805A8E5CFF087F7740953CF = {isa = PBXBuildFile; fileRef = E799321A99672DC80D69F076; };
		1033915EB4457AE042F0F12D = {isa = PBXBuildFile; fileRef = C5432D766F63A69455634B91; };
		924E3DA4C15AB41B1E8F4DDE = {isa = PBXBuildFile; fileRef = D665E80762CACE5520FD3212; };
		076F4E279B6EACF30F118B28 = {isa = PBXBuildFile; fileRef = D80839C07B3B62DE7D754DA5; };
		8DE98C78EBAD3EA695330D8E = {isa = PBXBuildFile; fileRef = 123B9AA942C7205841F510BB; };
		9B8CB94C81724680C4663C3B = {isa = PBXBuildFile; fileRef = 9B72045D079F9DDD76CD456E; };
		497C34BB5ED8AAE1103F1623 = {isa = PBXBuildFile; fileRef = 8C96CCFFFDE2322FEB61E31A; };
		DA3421FF6FC03AE48B8D279D = {isa = PBXBuildFile; fileRef = B7410B217BB07DE0C35717A6; };
		4C59F07DD4A36055F66D341F = {isa = PBXBuildFile; fileRef = F06F0DF594D646180940566D; };
		538877AE6DBF0EF310E20367 = {isa = PBXBuildFile; fileRef = 0EF48C4D02085D7C93717981; };
		0EAEE4E38220CAD88AC5D5D3 = {isa = PBXBuildFile; fileRef = 27B126914ECE73EC431DB1E7; };
		7364293AF92BBFA26807EB95 = {isa = PBXBuildFile; fileRef = 3DF24DED599A0EDB31F0728F; };
		1156BE79A6C520046BF10970 = {isa = PBXBuildFile; fileRef = E255A07D36CE6C58415A7CCA; };
		9F08727514955D5B375037EB = {isa = PBXBuildFile; fileRef = AE7C988CBC835AA6790913B8; };
		72CE7A936770CDBBFC86A78B = {isa = PBXBuildFile; fileRef = 1AB78D0B579E5D0D12D9AD78; };
		690FAB58815D4191A37B5318 = {isa = PBXBuildFile; fileRef = A4B1020E2AF2675B98AEA752; };
		00EE9EF4FE2E8C1B80B7AC59 = {isa = PBXBuildFile; fileRef = CB9B49EBCF1154513E593DF0; };
		7B79A22E8938EDDDA972C9F9 = {isa = PBXBuildFile; fileRef = 1EB45C01C0F0F50F631C66FD; };
		29EFCCADAE5FD8D8E1AC025B = {isa = PBXBuildFile; fileRef = F94D9AB7F9CB9BFEE504B189; };
		5EAD3E0112895FEB4B338BE6 = {isa = PBXBuildFile; fileRef = ED6F7FFB44100349117A5741; };
		45C05E24E9182D608F34C598 = {isa = PBXBuildFile; fileRef = 3C463653848E84AC889C15A1; };
		0F487EA0352A5438CD3097EA = {isa = PBXBuildFile; fileRef = 30A77C8E16DE4053C25AF195; };
		11DD7EFFFB78D30CAC7B4FA0 = {isa = PBXBuildFile; fileRef = 1C711189163B194EC24C1228; };
		C5A6B023ADA6B16642BE0C59 = {isa = PBXBuildFile; fileRef = 4433BAB4099C9A65EB39DBDF; };
		D7B2B8E0710A1031968D01DE = {isa = PBXBuildFile; fileRef = 0FCADD362C08C5BD6E8EC2AB; };
		2670F8D2ACB36DDA6A611DA4 = {isa = PBXBuildFile; fileRef = 3A45DB6069D41BAF20E531FD; };
		56E77C02670E702D4878CFEF = {isa = PBXBuildFile; fileRef = E8842FF76E8F30334D248082; };
		102B99A86A48A402661CAA58 = {isa = PBXBuildFile; fileRef = 221E4C090822ED84B6C45D50; };
		F8D5839EA4BEC8F5C54F2534 = {isa = PBXBuildFile; fileRef = 17BD709D83F7F2478502BC0B; };
		7F31881EA0A65B2546CBB0BB = {isa = PBXBuildFile; fileRef = 950D520035B7F3CFD417F05E; };
		0712DDA24BF65688F891E34B = {isa = PBXBuildFile; fileRef = 10052FC9F67718274CB678C7; };
		9F8A71347C6BC744435425B4 = {isa = PBXBuildFile; fileRef = 16375CD8FB3C9BD5E52533A5; };
		7E2CDCB74D3521E5694B235A = {isa = PBXBuildFile; fileRef = 0675DDC1806BC77C69C9CB25; };
		0675DDC1806BC77C69C9CB25 = {isa = PBXFileReference; lastKnownFileType = sourcecode.cpp.objcpp; name = "include_juce_video.mm"; path = "../../JuceLibraryCode/include_juce_video.mm"; sourceTree = "SOURCE_ROOT"; };
		094DAFC44181FAB389D52A63 = {isa = PBXFileReference; lastKnownFileType = sourcecode.c.h; name = AppConfig.h; path = ../../JuceLibraryCode/AppConfig.h; sourceTree = "SOURCE_ROOT"; };
		0EF48C4D02085D7C93717981 = {isa = PBXFileReference; lastKnownFileType = wrapper.framework; name = DiscRecording.framework; path = System/Library/Frameworks/DiscRecording.framework; sourceTree = SDKROOT; };
		0FCADD362C08C5BD6E8EC2AB = {isa = PBXFileReference; lastKnownFileType = sourcecode.cpp.objcpp; name = "include_juce_core.mm"; path = "../../JuceLibraryCode/include_juce_core.mm"; sourceTree = "SOURCE_ROOT"; };
		10052FC9F67718274CB678C7 = {isa = PBXFileReference; lastKnownFileType = sourcecode.cpp.objcpp; name = "include_juce_gui_extra.mm"; path = "../../JuceLibraryCode/include_juce_gui_extra.mm"; sourceTree = "SOURCE_ROOT"; };
		12250845A826141DACA2A06E = {isa = PBXFileReference; lastKnownFileType = file; name = "juce_audio_processors"; path = "../../../JUCE/modules/juce_audio_processors"; sourceTree = "SOURCE_ROOT"; };
		123B9AA942C7205841F510BB = {isa = PBXFileReference; lastKnownFileType = wrapper.framework; name = Carbon.framework; path = System/Library/Frameworks/Carbon.framework; sourceTree = SDKROOT; };
		16375CD8FB3C9BD5E52533A5 = {isa = PBXFileReference; lastKnownFileType = sourcecode.cpp.objcpp; name = "include_juce_opengl.mm"; path = "../../JuceLibraryCode/include_juce_opengl.mm"; sourceTree = "SOURCE_ROOT"; };
		16AB99FC6C0CFE529DD23711 = {isa = PBXFileReference; lastKnownFileType = file; name = "juce_audio_formats"; path = "../../../JUCE/modules/juce_audio_formats"; sourceTree = "SOURCE_ROOT"; };
		17BD709D83F7F2478502BC0B = {isa = PBXFileReference; lastKnownFileType = sourcecode.cpp.objcpp; name = "include_juce_graphics.mm"; path = "../../JuceLibraryCode/include_juce_graphics.mm"; sourceTree = "SOURCE_ROOT"; };
		1AB78D0B579E5D0D12D9AD78 = {isa = PBXFileReference; lastKnownFileType = file.nib; name = RecentFilesMenuTemplate.nib; path = RecentFilesMenuTemplate.nib; sourceTree = "SOURCE_ROOT"; };
		1AF810036D53242E2A64153A = {isa = PBXFileReference; lastKnownFileType = file; name = "juce_audio_devices"; path = "../../../JUCE/modules/juce_audio_devices"; sourceTree = "SOURCE_ROOT"; };
		1C711189163B194EC24C1228 = {isa = PBXFileReference; lastKnownFileType = sourcecode.cpp.objcpp; name = "include_juce_audio_processors.mm"; path = "../../JuceLibraryCode/include_juce_audio_processors.mm"; sourceTree = "SOURCE_ROOT"; };
		1C75A9C5E27353B41C24B0A5 = {isa = PBXFileReference; lastKnownFileType = file; name = "juce_graphics"; path = "../../../JUCE/modules/juce_graphics"; sourceTree = "SOURCE_ROOT"; };
		1EB45C01C0F0F50F631C66FD = {isa = PBXFileReference; lastKnownFileType = sourcecode.cpp.cpp; name = MainComponent.cpp; path = ../../Source/MainComponent.cpp; sourceTree = "SOURCE_ROOT"; };
		221E4C090822ED84B6C45D50 = {isa = PBXFileReference; lastKnownFileType = sourcecode.cpp.objcpp; name = "include_juce_events.mm"; path = "../../JuceLibraryCode/include_juce_events.mm"; sourceTree = "SOURCE_ROOT"; };
		27B126914ECE73EC431DB1E7 = {isa = PBXFileReference; lastKnownFileType = wrapper.framework; name = IOKit.framework; path = System/Library/Frameworks/IOKit.framework; sourceTree = SDKROOT; };
		2B912BDB27CB919BC7402A07 = {isa = PBXFileReference; lastKnownFileType = sourcecode.c.h; name = Logger.h; path = ../../Source/Logger.h; sourceTree = "SOURCE_ROOT"; };
		30A77C8E16DE4053C25AF195 = {isa = PBXFileReference; lastKnownFileType = sourcecode.cpp.objcpp; name = "include_juce_audio_formats.mm"; path = "../../JuceLibraryCode/include_juce_audio_formats.mm"; sourceTree = "SOURCE_ROOT"; };
		3A45DB6069D41BAF20E531FD = {isa = PBXFileReference; lastKnownFileType = sourcecode.cpp.objcpp; name = "include_juce_cryptography.mm"; path = "../../JuceLibraryCode/include_juce_cryptography.mm"; sourceTree = "SOURCE_ROOT"; };
		3C463653848E84AC889C15A1 = {isa = PBXFileReference; lastKnownFileType = sourcecode.cpp.objcpp; name = "include_juce_audio_devices.mm"; path = "../../JuceLibraryCode/include_juce_audio_devices.mm"; sourceTree = "SOURCE_ROOT"; };
		3DF24DED599A0EDB31F0728F = {isa = PBXFileReference; lastKnownFileType = wrapper.framework; name = OpenGL.framework; path = System/Library/Frameworks/OpenGL.framework; sourceTree = SDKROOT; };
		42037E32EB8F1729AE6D2229 = {isa = PBXFileReference; lastKnownFileType = sourcecode.c.h; name = JuceHeader.h; path = ../../JuceLibraryCode/JuceHeader.h; sourceTree = "SOURCE_ROOT"; };
		4433BAB4099C9A65EB39DBDF = {isa = PBXFileReference; lastKnownFileType = sourcecode.cpp.objcpp; name = "include_juce_audio_utils.mm"; path = "../../JuceLibraryCode/include_juce_audio_utils.mm"; sourceTree = "SOURCE_ROOT"; };
		5C645DCEB5459F4814579229 = {isa = PBXFileReference; lastKnownFileType = text.plist.xml; name = "Info-App.plist"; path = "Info-App.plist"; sourceTree = "SOURCE_ROOT"; };
		66DC34CA6078F9C84CDED4FC = {isa = PBXFileReference; lastKnownFileType = file; name = "juce_events"; path = "../../../JUCE/modules/juce_events"; sourceTree = "SOURCE_ROOT"; };
		6A8F08F3587C329627035787 = {isa = PBXFileReference; lastKnownFileType = sourcecode.c.h; name = MidiRecorder.h; path = ../../Source/MidiRecorder.h; sourceTree = "SOURCE_ROOT"; };
		838DC778D476F8A3952B2C85 = {isa = PBXFileReference; lastKnownFileType = file; name = "juce_cryptography"; path = "../../../JUCE/modules/juce_cryptography"; sourceTree = "SOURCE_ROOT"; };
		8C96CCFFFDE2322FEB61E31A = {isa = PBXFileReference; lastKnownFileType = wrapper.framework; name = CoreAudio.framework; path = System/Library/Frameworks/CoreAudio.framework; sourceTree = SDKROOT; };
		950D520035B7F3CFD417F05E = {isa = PBXFileReference; lastKnownFileType = sourcecode.cpp.objcpp; name = "include_juce_gui_basics.mm"; path = "../../JuceLibraryCode/include_juce_gui_basics.mm"; sourceTree = "SOURCE_ROOT"; };
		9699C76BB6E881B73A912E38 = {isa = PBXFileReference; lastKnownFileType = sourcecode.c.h; name = RecordListener.h; path = ../../Source/RecordListener.h; sourceTree = "SOURCE_ROOT"; };
		9B72045D079F9DDD76CD456E = {isa = PBXFileReference; lastKnownFileType = wrapper.framework; name = Cocoa.framework; path = System/Library/Frameworks/Cocoa.framework; sourceTree = SDKROOT; };
		9C32A27E87A6C3F4BAD58310 = {isa = PBXFileReference; lastKnownFileType = file; name = "juce_gui_extra"; path = "../../../JUCE/modules/juce_gui_extra"; sourceTree = "SOURCE_ROOT"; };
		A4B1020E2AF2675B98AEA752 = {isa = PBXFileReference; lastKnownFileType = sourcecode.cpp.cpp; name = MidiRecorder.cpp; path = ../../Source/MidiRecorder.cpp; sourceTree = "SOURCE_ROOT"; };
		A9BB90B99CBD4E75235C4333 = {isa = PBXFileReference; lastKnownFileType = sourcecode.c.h; name = MainComponent.h; path = ../../Source/MainComponent.h; sourceTree = "SOURCE_ROOT"; };
		AE7C988CBC835AA6790913B8 = {isa = PBXFileReference; lastKnownFileType = wrapper.framework; name = WebKit.framework; path = System/Library/Frameworks/WebKit.framework; sourceTree = SDKROOT; };
		AECE04B915138704E8E1DA02 = {isa = PBXFileReference; lastKnownFileType = sourcecode.c.h; name = MidiRecorderPanel.h; path = ../../Source/MidiRecorderPanel.h; sourceTree = "SOURCE_ROOT"; };
		AFD35C3CFE82956014080FBF = {isa = PBXFileReference; lastKnownFileType = file; name = "juce_audio_basics"; path = "../../../JUCE/modules/juce_audio_basics"; sourceTree = "SOURCE_ROOT"; };
		B7410B217BB07DE0C35717A6 = {isa = PBXFileReference; lastKnownFileType = wrapper.framework; name = CoreMedia.framework; path = System/Library/Frameworks/CoreMedia.framework; sourceTree = SDKROOT; };
		C5432D766F63A69455634B91 = {isa = PBXFileReference; lastKnownFileType = wrapper.framework; name = AudioToolbox.framework; path = System/Library/Frameworks/AudioToolbox.framework; sourceTree = SDKROOT; };
		CB9B49EBCF1154513E593DF0 = {isa = PBXFileReference; lastKnownFileType = sourcecode.cpp.cpp; name = MidiRecorderPanel.cpp; path = ../../Source/MidiRecorderPanel.cpp; sourceTree = "SOURCE_ROOT"; };
		D575E895183D6CA60054C5CC = {isa = PBXFileReference; lastKnownFileType = file; name = "juce_audio_utils"; path = "../../../JUCE/modules/juce_audio_utils"; sourceTree = "SOURCE_ROOT"; };
		D665E80762CACE5520FD3212 = {isa = PBXFileReference; lastKnownFileType = wrapper.framework; name = AVFoundation.framework; path = System/Library/Frameworks/AVFoundation.framework; sourceTree = SDKROOT; };
		D80839C07B3B62DE7D754DA5 = {isa = PBXFileReference; lastKnownFileType = wrapper.framework; name = AVKit.framework; path = System/Library/Frameworks/AVKit.framework; sourceTree = SDKROOT; };
		DD73E1D932D3AE0638D493E5 = {isa = PBXFileReference; lastKnownFileType = file; name = "juce_video"; path = "../../../JUCE/modules/juce_video"; sourceTree = "SOURCE_ROOT"; };
		E255A07D36CE6C58415A7CCA = {isa = PBXFileReference; lastKnownFileType = wrapper.framework; name = QuartzCore.framework; path = System/Library/Frameworks/QuartzCore.framework; sourceTree = SDKROOT; };
		E3BF2AFD2A4C4006AC2DE54B = {isa = PBXFileReference; lastKnownFileType = file; name = "juce_gui_basics"; path = "../../../JUCE/modules/juce_gui_basics"; sourceTree = "SOURCE_ROOT"; };
		E799321A99672DC80D69F076 = {isa = PBXFileReference; lastKnownFileType = wrapper.framework; name = Accelerate.framework; path = System/Library/Frameworks/Accelerate.framework; sourceTree = SDKROOT; };
		E847097907440F43F44F6190 = {isa = PBXFileReference; lastKnownFileType = file; name = "juce_data_structures"; path = "../../../JUCE/modules/juce_data_structures"; sourceTree = "SOURCE_ROOT"; };
		E8842FF76E8F30334D248082 = {isa = PBXFileReference; lastKnownFileType = sourcecode.cpp.objcpp; name = "include_juce_data_structures.mm"; path = "../../JuceLibraryCode/include_juce_data_structures.mm"; sourceTree = "SOURCE_ROOT"; };
		EC4D04F98A625B62BD6534E1 = {isa = PBXFileReference; lastKnownFileType = file; name = "juce_core"; path = "../../../JUCE/modules/juce_core"; sourceTree = "SOURCE_ROOT"; };
		ED6F7FFB44100349117A5741 = {isa = PBXFileReference; lastKnownFileType = sourcecode.cpp.objcpp; name = "include_juce_audio_basics.mm"; path = "../../JuceLibraryCode/include_juce_audio_basics.mm"; sourceTree = "SOURCE_ROOT"; };
		F06F0DF594D646180940566D = {isa = PBXFileReference; lastKnownFileType = wrapper.framework; name = CoreMIDI.framework; path = System/Library/Frameworks/CoreMIDI.framework; sourceTree = SDKROOT; };
		F94D9AB7F9CB9BFEE504B189 = {isa = PBXFileReference; lastKnownFileType = sourcecode.cpp.cpp; name = Main.cpp; path = ../../Source/Main.cpp; sourceTree = "SOURCE_ROOT"; };
		FB1A3804059C56277461AF20 = {isa = PBXFileReference; lastKnownFileType = file; name = "juce_opengl"; path = "../../../JUCE/modules/juce_opengl"; sourceTree = "SOURCE_ROOT"; };
		FBCE83692A6700F390DD1823 = {isa = PBXFileReference; explicitFileType = wrapper.application; includeInIndex = 0; path = MidiRecorder.app; sourceTree = "BUILT_PRODUCTS_DIR"; };
		642CFE22C0FE8F611EBD8328 = {isa = PBXGroup; children = (
					9699C76BB6E881B73A912E38,
					2B912BDB27CB919BC7402A07,
					A4B1020E2AF2675B98AEA752,
					6A8F08F3587C329627035787,
					CB9B49EBCF1154513E593DF0,
					AECE04B915138704E8E1DA02,
					A9BB90B99CBD4E75235C4333,
					1EB45C01C0F0F50F631C66FD,
					F94D9AB7F9CB9BFEE504B189, ); name = Source; sourceTree = "<group>"; };
		1F473839A78EB759770266D5 = {isa = PBXGroup; children = (
					642CFE22C0FE8F611EBD8328, ); name = MidiRecorder; sourceTree = "<group>"; };
		E791D1484535B9DF545FE8AF = {isa = PBXGroup; children = (
					AFD35C3CFE82956014080FBF,
					1AF810036D53242E2A64153A,
					16AB99FC6C0CFE529DD23711,
					12250845A826141DACA2A06E,
					D575E895183D6CA60054C5CC,
					EC4D04F98A625B62BD6534E1,
					838DC778D476F8A3952B2C85,
					E847097907440F43F44F6190,
					66DC34CA6078F9C84CDED4FC,
					1C75A9C5E27353B41C24B0A5,
					E3BF2AFD2A4C4006AC2DE54B,
					9C32A27E87A6C3F4BAD58310,
					FB1A3804059C56277461AF20,
					DD73E1D932D3AE0638D493E5, ); name = "JUCE Modules"; sourceTree = "<group>"; };
		832A30D5E6E94B7C9EF1A115 = {isa = PBXGroup; children = (
					094DAFC44181FAB389D52A63,
					ED6F7FFB44100349117A5741,
					3C463653848E84AC889C15A1,
					30A77C8E16DE4053C25AF195,
					1C711189163B194EC24C1228,
					4433BAB4099C9A65EB39DBDF,
					0FCADD362C08C5BD6E8EC2AB,
					3A45DB6069D41BAF20E531FD,
					E8842FF76E8F30334D248082,
					221E4C090822ED84B6C45D50,
					17BD709D83F7F2478502BC0B,
					950D520035B7F3CFD417F05E,
					10052FC9F67718274CB678C7,
					16375CD8FB3C9BD5E52533A5,
					0675DDC1806BC77C69C9CB25,
					42037E32EB8F1729AE6D2229, ); name = "JUCE Library Code"; sourceTree = "<group>"; };
		E2874CA0321087134CDDC4A5 = {isa = PBXGroup; children = (
					5C645DCEB5459F4814579229,
					1AB78D0B579E5D0D12D9AD78, ); name = Resources; sourceTree = "<group>"; };
		13B62CA426B4319800B83826 = {isa = PBXGroup; children = (
					E799321A99672DC80D69F076,
					C5432D766F63A69455634B91,
					D665E80762CACE5520FD3212,
					D80839C07B3B62DE7D754DA5,
					123B9AA942C7205841F510BB,
					9B72045D079F9DDD76CD456E,
					8C96CCFFFDE2322FEB61E31A,
					B7410B217BB07DE0C35717A6,
					F06F0DF594D646180940566D,
					0EF48C4D02085D7C93717981,
					27B126914ECE73EC431DB1E7,
					3DF24DED599A0EDB31F0728F,
					E255A07D36CE6C58415A7CCA,
					AE7C988CBC835AA6790913B8, ); name = Frameworks; sourceTree = "<group>"; };
		F019915F657593DEEE0E1601 = {isa = PBXGroup; children = (
					FBCE83692A6700F390DD1823, ); name = Products; sourceTree = "<group>"; };
		3C27BDB261AC226D7ECFA2C9 = {isa = PBXGroup; children = (
					1F473839A78EB759770266D5,
					E791D1484535B9DF545FE8AF,
					832A30D5E6E94B7C9EF1A115,
					E2874CA0321087134CDDC4A5,
					13B62CA426B4319800B83826,
					F019915F657593DEEE0E1601, ); name = Source; sourceTree = "<group>"; };
		B00F013768F0FF551C3C4F18 = {isa = XCBuildConfiguration; buildSettings = {
				CLANG_CXX_LANGUAGE_STANDARD = "c++14";
				CLANG_LINK_OBJC_RUNTIME = NO;
				COMBINE_HIDPI_IMAGES = YES;
				CONFIGURATION_BUILD_DIR = "$(PROJECT_DIR)/build/$(CONFIGURATION)";
				COPY_PHASE_STRIP = NO;
				GCC_DYNAMIC_NO_PIC = NO;
				GCC_OPTIMIZATION_LEVEL = 0;
				GCC_PREPROCESSOR_DEFINITIONS = (
					"_DEBUG=1",
					"DEBUG=1",
					"JUCER_XCODE_MAC_F6D2F4CF=1",
					"JUCE_APP_VERSION=1.0.0",
					"JUCE_APP_VERSION_HEX=0x10000",
					"JucePlugin_Build_VST=0",
					"JucePlugin_Build_VST3=0",
					"JucePlugin_Build_AU=0",
					"JucePlugin_Build_AUv3=0",
					"JucePlugin_Build_RTAS=0",
					"JucePlugin_Build_AAX=0",
					"JucePlugin_Build_Standalone=0", );
				GCC_VERSION = com.apple.compilers.llvm.clang.1_0;
				HEADER_SEARCH_PATHS = ("../../JuceLibraryCode", "../../../JUCE/modules", "$(inherited)");
				INFOPLIST_FILE = Info-App.plist;
				INFOPLIST_PREPROCESS = NO;
				INSTALL_PATH = "$(HOME)/Applications";
				MACOSX_DEPLOYMENT_TARGET = 10.11;
				MACOSX_DEPLOYMENT_TARGET_ppc = 10.4;
				PRODUCT_BUNDLE_IDENTIFIER = com.yourcompany.MidiRecorder;
				SDKROOT_ppc = macosx10.5;
				USE_HEADERMAP = NO; }; name = Debug; };
		F04DD9AA234C2DBA8A24D745 = {isa = XCBuildConfiguration; buildSettings = {
				CLANG_CXX_LANGUAGE_STANDARD = "c++14";
				CLANG_LINK_OBJC_RUNTIME = NO;
				COMBINE_HIDPI_IMAGES = YES;
				CONFIGURATION_BUILD_DIR = "$(PROJECT_DIR)/build/$(CONFIGURATION)";
				DEAD_CODE_STRIPPING = YES;
				GCC_GENERATE_DEBUGGING_SYMBOLS = NO;
				GCC_OPTIMIZATION_LEVEL = 3;
				GCC_PREPROCESSOR_DEFINITIONS = (
					"_NDEBUG=1",
					"NDEBUG=1",
					"JUCER_XCODE_MAC_F6D2F4CF=1",
					"JUCE_APP_VERSION=1.0.0",
					"JUCE_APP_VERSION_HEX=0x10000",
					"JucePlugin_Build_VST=0",
					"JucePlugin_Build_VST3=0",
					"JucePlugin_Build_AU=0",
					"JucePlugin_Build_AUv3=0",
					"JucePlugin_Build_RTAS=0",
					"JucePlugin_Build_AAX=0",
					"JucePlugin_Build_Standalone=0", );
				GCC_SYMBOLS_PRIVATE_EXTERN = YES;
				GCC_VERSION = com.apple.compilers.llvm.clang.1_0;
				HEADER_SEARCH_PATHS = ("../../JuceLibraryCode", "../../../JUCE/modules", "$(inherited)");
				INFOPLIST_FILE = Info-App.plist;
				INFOPLIST_PREPROCESS = NO;
				INSTALL_PATH = "$(HOME)/Applications";
				LLVM_LTO = YES;
				MACOSX_DEPLOYMENT_TARGET = 10.11;
				MACOSX_DEPLOYMENT_TARGET_ppc = 10.4;
				PRODUCT_BUNDLE_IDENTIFIER = com.yourcompany.MidiRecorder;
				SDKROOT_ppc = macosx10.5;
				USE_HEADERMAP = NO; }; name = Release; };
		8CC6B7AE878E71C49644FD67 = {isa = XCBuildConfiguration; buildSettings = {
				ALWAYS_SEARCH_USER_PATHS = NO;
				CLANG_WARN_BLOCK_CAPTURE_AUTORELEASING = YES;
				CLANG_WARN_BOOL_CONVERSION = YES;
				CLANG_WARN_COMMA = YES;
				CLANG_WARN_CONSTANT_CONVERSION = YES;
				CLANG_WARN_EMPTY_BODY = YES;
				CLANG_WARN_ENUM_CONVERSION = YES;
				CLANG_WARN_INFINITE_RECURSION = YES;
				CLANG_WARN_INT_CONVERSION = YES;
				CLANG_WARN_NON_LITERAL_NULL_CONVERSION = YES;
				CLANG_WARN_OBJC_LITERAL_CONVERSION = YES;
				CLANG_WARN_RANGE_LOOP_ANALYSIS = YES;
				CLANG_WARN_STRICT_PROTOTYPES = YES;
				CLANG_WARN_SUSPICIOUS_MOVE = YES;
				CLANG_WARN_UNREACHABLE_CODE = YES;
				CLANG_WARN__DUPLICATE_METHOD_MATCH = YES;
				DEBUG_INFORMATION_FORMAT = "dwarf";
				ENABLE_STRICT_OBJC_MSGSEND = YES;
				ENABLE_TESTABILITY = YES;
				GCC_C_LANGUAGE_STANDARD = c11;
				GCC_INLINES_ARE_PRIVATE_EXTERN = YES;
				GCC_MODEL_TUNING = G5;
				GCC_NO_COMMON_BLOCKS = YES;
				GCC_WARN_64_TO_32_BIT_CONVERSION = YES;
				GCC_WARN_ABOUT_RETURN_TYPE = YES;
				GCC_WARN_CHECK_SWITCH_STATEMENTS = YES;
				GCC_WARN_MISSING_PARENTHESES = YES;
				GCC_WARN_NON_VIRTUAL_DESTRUCTOR = YES;
				GCC_WARN_TYPECHECK_CALLS_TO_PRINTF = YES;
				GCC_WARN_UNDECLARED_SELECTOR = YES;
				GCC_WARN_UNINITIALIZED_AUTOS = YES;
				GCC_WARN_UNUSED_FUNCTION = YES;
				GCC_WARN_UNUSED_VARIABLE = YES;
				ONLY_ACTIVE_ARCH = YES;
				PRODUCT_NAME = "MidiRecorder";
				WARNING_CFLAGS = -Wreorder;
				ZERO_LINK = NO; }; name = Debug; };
		9D32DDD99A709EB45D7A9E4B = {isa = XCBuildConfiguration; buildSettings = {
				ALWAYS_SEARCH_USER_PATHS = NO;
				CLANG_WARN_BLOCK_CAPTURE_AUTORELEASING = YES;
				CLANG_WARN_BOOL_CONVERSION = YES;
				CLANG_WARN_COMMA = YES;
				CLANG_WARN_CONSTANT_CONVERSION = YES;
				CLANG_WARN_EMPTY_BODY = YES;
				CLANG_WARN_ENUM_CONVERSION = YES;
				CLANG_WARN_INFINITE_RECURSION = YES;
				CLANG_WARN_INT_CONVERSION = YES;
				CLANG_WARN_NON_LITERAL_NULL_CONVERSION = YES;
				CLANG_WARN_OBJC_LITERAL_CONVERSION = YES;
				CLANG_WARN_RANGE_LOOP_ANALYSIS = YES;
				CLANG_WARN_STRICT_PROTOTYPES = YES;
				CLANG_WARN_SUSPICIOUS_MOVE = YES;
				CLANG_WARN_UNREACHABLE_CODE = YES;
				CLANG_WARN__DUPLICATE_METHOD_MATCH = YES;
				DEBUG_INFORMATION_FORMAT = "dwarf";
				ENABLE_STRICT_OBJC_MSGSEND = YES;
				GCC_C_LANGUAGE_STANDARD = c11;
				GCC_INLINES_ARE_PRIVATE_EXTERN = YES;
				GCC_MODEL_TUNING = G5;
				GCC_NO_COMMON_BLOCKS = YES;
				GCC_WARN_64_TO_32_BIT_CONVERSION = YES;
				GCC_WARN_ABOUT_RETURN_TYPE = YES;
				GCC_WARN_CHECK_SWITCH_STATEMENTS = YES;
				GCC_WARN_MISSING_PARENTHESES = YES;
				GCC_WARN_NON_VIRTUAL_DESTRUCTOR = YES;
				GCC_WARN_TYPECHECK_CALLS_TO_PRINTF = YES;
				GCC_WARN_UNDECLARED_SELECTOR = YES;
				GCC_WARN_UNINITIALIZED_AUTOS = YES;
				GCC_WARN_UNUSED_FUNCTION = YES;
				GCC_WARN_UNUSED_VARIABLE = YES;
				PRODUCT_NAME = "MidiRecorder";
				WARNING_CFLAGS = -Wreorder;
				ZERO_LINK = NO; }; name = Release; };
		962850FC532F9DC02462A67A = {isa = PBXTargetDependency; target = 6D203CE1096725906E56A672; };
		792047127CE920899E21E5A3 = {isa = XCConfigurationList; buildConfigurations = (
					8CC6B7AE878E71C49644FD67,
					9D32DDD99A709EB45D7A9E4B, ); defaultConfigurationIsVisible = 0; defaultConfigurationName = Debug; };
		A4317305CC02B45B00AA791C = {isa = XCConfigurationList; buildConfigurations = (
					B00F013768F0FF551C3C4F18,
					F04DD9AA234C2DBA8A24D745, ); defaultConfigurationIsVisible = 0; defaultConfigurationName = Debug; };
		944813DD3FA27AA78DCB0C66 = {isa = PBXResourcesBuildPhase; buildActionMask = 2147483647; files = (
					72CE7A936770CDBBFC86A78B, ); runOnlyForDeploymentPostprocessing = 0; };
		E86146BC2AB9CAC9BF03BC16 = {isa = PBXSourcesBuildPhase; buildActionMask = 2147483647; files = (
					690FAB58815D4191A37B5318,
					00EE9EF4FE2E8C1B80B7AC59,
					7B79A22E8938EDDDA972C9F9,
					29EFCCADAE5FD8D8E1AC025B,
					5EAD3E0112895FEB4B338BE6,
					45C05E24E9182D608F34C598,
					0F487EA0352A5438CD3097EA,
					11DD7EFFFB78D30CAC7B4FA0,
					C5A6B023ADA6B16642BE0C59,
					D7B2B8E0710A1031968D01DE,
					2670F8D2ACB36DDA6A611DA4,
					56E77C02670E702D4878CFEF,
					102B99A86A48A402661CAA58,
					F8D5839EA4BEC8F5C54F2534,
					7F31881EA0A65B2546CBB0BB,
					0712DDA24BF65688F891E34B,
					9F8A71347C6BC744435425B4,
					7E2CDCB74D3521E5694B235A, ); runOnlyForDeploymentPostprocessing = 0; };
		3BBB80820FC6C4BD2324FB98 = {isa = PBXFrameworksBuildPhase; buildActionMask = 2147483647; files = (
					B805A8E5CFF087F7740953CF,
					1033915EB4457AE042F0F12D,
					924E3DA4C15AB41B1E8F4DDE,
					076F4E279B6EACF30F118B28,
					8DE98C78EBAD3EA695330D8E,
					9B8CB94C81724680C4663C3B,
					497C34BB5ED8AAE1103F1623,
					DA3421FF6FC03AE48B8D279D,
					4C59F07DD4A36055F66D341F,
					538877AE6DBF0EF310E20367,
					0EAEE4E38220CAD88AC5D5D3,
					7364293AF92BBFA26807EB95,
					1156BE79A6C520046BF10970,
					9F08727514955D5B375037EB, ); runOnlyForDeploymentPostprocessing = 0; };
		6D203CE1096725906E56A672 = {isa = PBXNativeTarget; buildConfigurationList = A4317305CC02B45B00AA791C; buildPhases = (
					944813DD3FA27AA78DCB0C66,
					E86146BC2AB9CAC9BF03BC16,
					3BBB80820FC6C4BD2324FB98, ); buildRules = ( ); dependencies = (  ); name = "MidiRecorder - App"; productName = MidiRecorder; productReference = FBCE83692A6700F390DD1823; productType = "com.apple.product-type.application"; };
		9AE092F875BEE21908C702CB = {isa = PBXProject; buildConfigurationList = 792047127CE920899E21E5A3; attributes = { LastUpgradeCheck = 0830; ORGANIZATIONNAME = ""; TargetAttributes = { 6D203CE1096725906E56A672 = { SystemCapabilities = {com.apple.ApplicationGroups.iOS = { enabled = 0; }; com.apple.InAppPurchase = { enabled = 0; }; com.apple.InterAppAudio = { enabled = 0; }; com.apple.Push = { enabled = 0; }; com.apple.Sandbox = { enabled = 0; }; }; }; }; }; compatibilityVersion = "Xcode 3.2"; hasScannedForEncodings = 0; mainGroup = 3C27BDB261AC226D7ECFA2C9; projectDirPath = ""; projectRoot = ""; targets = (6D203CE1096725906E56A672); };
	};
	rootObject = 9AE092F875BEE21908C702CB;
}
